
Microsoft Visual Studio Solution File, Format Version 12.00
# Visual Studio Version 17
VisualStudioVersion = 17.5.002.0
MinimumVisualStudioVersion = 10.0.40219.1
Project("{9A19103F-16F7-4668-BE54-9A1E7A4F7556}") = "NorthwindConsole", "NorthwindConsole.csproj", "{0077E08C-A57C-4944-AD57-92676C33E4C4}"
EndProject
Global
	GlobalSection(SolutionConfigurationPlatforms) = preSolution
		Debug|Any CPU = Debug|Any CPU
		Release|Any CPU = Release|Any CPU
	EndGlobalSection
	GlobalSection(ProjectConfigurationPlatforms) = postSolution
		{0077E08C-A57C-4944-AD57-92676C33E4C4}.Debug|Any CPU.ActiveCfg = Debug|Any CPU
		{0077E08C-A57C-4944-AD57-92676C33E4C4}.Debug|Any CPU.Build.0 = Debug|Any CPU
		{0077E08C-A57C-4944-AD57-92676C33E4C4}.Release|Any CPU.ActiveCfg = Release|Any CPU
		{0077E08C-A57C-4944-AD57-92676C33E4C4}.Release|Any CPU.Build.0 = Release|Any CPU
	EndGlobalSection
	GlobalSection(SolutionProperties) = preSolution
		HideSolutionNode = FALSE
	EndGlobalSection
	GlobalSection(ExtensibilityGlobals) = postSolution
		SolutionGuid = {12187F92-35A2-4FA9-ADA9-334E0492F664}
	EndGlobalSection
EndGlobal
